
Microsoft Visual Studio Solution File, Format Version 12.00
# Visual Studio Version 16
VisualStudioVersion = 16.0.30011.22
MinimumVisualStudioVersion = 10.0.40219.1
Project("{FAE04EC0-301F-11D3-BF4B-00C04F79EFBC}") = "ArknightsVoice", "ArknightsVoice.csproj", "{21F36B7D-E3E0-438A-83D3-95926314D492}"
EndProject
Global
	GlobalSection(SolutionConfigurationPlatforms) = preSolution
		Debug|Any CPU = Debug|Any CPU
		Release|Any CPU = Release|Any CPU
	EndGlobalSection
	GlobalSection(ProjectConfigurationPlatforms) = postSolution
		{21F36B7D-E3E0-438A-83D3-95926314D492}.Debug|Any CPU.ActiveCfg = Debug|Any CPU
		{21F36B7D-E3E0-438A-83D3-95926314D492}.Debug|Any CPU.Build.0 = Debug|Any CPU
		{21F36B7D-E3E0-438A-83D3-95926314D492}.Release|Any CPU.ActiveCfg = Release|Any CPU
		{21F36B7D-E3E0-438A-83D3-95926314D492}.Release|Any CPU.Build.0 = Release|Any CPU
	EndGlobalSection
	GlobalSection(SolutionProperties) = preSolution
		HideSolutionNode = FALSE
	EndGlobalSection
	GlobalSection(ExtensibilityGlobals) = postSolution
		SolutionGuid = {D8F90EEB-8F14-4033-B593-0D26BAFC8B6E}
	EndGlobalSection
EndGlobal
